
Microsoft Visual Studio Solution File, Format Version 12.00
# Visual Studio Version 17
VisualStudioVersion = 17.13.35825.156
MinimumVisualStudioVersion = 10.0.40219.1
Project("{FAE04EC0-301F-11D3-BF4B-00C04F79EFBC}") = "VanityCameraTweaks", "VanityCameraTweaks.csproj", "{6BAAA924-3D44-4B90-A102-E73C6A7785C9}"
EndProject
Global
	GlobalSection(SolutionConfigurationPlatforms) = preSolution
		Debug|Any CPU = Debug|Any CPU
		Release|Any CPU = Release|Any CPU
	EndGlobalSection
	GlobalSection(ProjectConfigurationPlatforms) = postSolution
		{6BAAA924-3D44-4B90-A102-E73C6A7785C9}.Debug|Any CPU.ActiveCfg = Release|Any CPU
		{6BAAA924-3D44-4B90-A102-E73C6A7785C9}.Debug|Any CPU.Build.0 = Release|Any CPU
		{6BAAA924-3D44-4B90-A102-E73C6A7785C9}.Release|Any CPU.ActiveCfg = Release|Any CPU
		{6BAAA924-3D44-4B90-A102-E73C6A7785C9}.Release|Any CPU.Build.0 = Release|Any CPU
	EndGlobalSection
	GlobalSection(SolutionProperties) = preSolution
		HideSolutionNode = FALSE
	EndGlobalSection
	GlobalSection(ExtensibilityGlobals) = postSolution
		SolutionGuid = {694D08CF-6292-4921-8D54-21B12860AAA1}
	EndGlobalSection
EndGlobal
